{
  "name": "orderc",
  "version": "1.0.0",
  "lockfileVersion": 2,
  "requires": true,
  "packages": {
    "": {
      "name": "orderc",
      "version": "1.0.0",
      "license": "ISC",
      "dependencies": {
        "@sadais/piui-tool": "^0.0.32",
        "sadais-piui": "^1.2.7-beta90"
      },
      "devDependencies": {}
    },
    "node_modules/@sadais/piui-tool": {
      "version": "0.0.32",
      "resolved": "https://registry.npmmirror.com/@sadais/piui-tool/-/piui-tool-0.0.32.tgz",
      "integrity": "sha512-63gX6jQZxh/U7FHlgXuLKitiiw3eXup/P0caoi6kHbROS4zWysv2BLIuYw0tzwc/3YC5mc37UlkRpgEH7F0L/A=="
    },
    "node_modules/sadais-piui": {
      "version": "1.2.7-beta90",
      "resolved": "https://registry.npmmirror.com/sadais-piui/-/sadais-piui-1.2.7-beta90.tgz",
      "integrity": "sha512-CCD6WMP68bvWpXx1swa/n45Jig43s5fzuDJqmzbmZpgnKzwo/R6F9lZYlQBlEQw/fTsunZYCQY3y6oKUz+Rd0Q==",
      "peerDependencies": {
        "@sadais/piui-tool": ">=0.0.21"
      }
    }
  },
  "dependencies": {
    "@sadais/piui-tool": {
      "version": "0.0.32",
      "resolved": "https://registry.npmmirror.com/@sadais/piui-tool/-/piui-tool-0.0.32.tgz",
      "integrity": "sha512-63gX6jQZxh/U7FHlgXuLKitiiw3eXup/P0caoi6kHbROS4zWysv2BLIuYw0tzwc/3YC5mc37UlkRpgEH7F0L/A=="
    },
    "sadais-piui": {
      "version": "1.2.7-beta90",
      "resolved": "https://registry.npmmirror.com/sadais-piui/-/sadais-piui-1.2.7-beta90.tgz",
      "integrity": "sha512-CCD6WMP68bvWpXx1swa/n45Jig43s5fzuDJqmzbmZpgnKzwo/R6F9lZYlQBlEQw/fTsunZYCQY3y6oKUz+Rd0Q==",
      "requires": {}
    }
  }
}
