# THIS IS AN AUTOGENERATED FILE. DO NOT EDIT THIS FILE DIRECTLY.
# yarn lockfile v1


"@sadais/piui-tool@^0.0.32", "@sadais/piui-tool@>=0.0.21":
  "integrity" "sha512-63gX6jQZxh/U7FHlgXuLKitiiw3eXup/P0caoi6kHbROS4zWysv2BLIuYw0tzwc/3YC5mc37UlkRpgEH7F0L/A=="
  "resolved" "https://registry.npmmirror.com/@sadais/piui-tool/-/piui-tool-0.0.32.tgz"
  "version" "0.0.32"

"sadais-piui@^1.2.7-beta90":
  "integrity" "sha512-CCD6WMP68bvWpXx1swa/n45Jig43s5fzuDJqmzbmZpgnKzwo/R6F9lZYlQBlEQw/fTsunZYCQY3y6oKUz+Rd0Q=="
  "resolved" "https://registry.npmmirror.com/sadais-piui/-/sadais-piui-1.2.7-beta90.tgz"
  "version" "1.2.7-beta90"
